PODS:
  - Realm (3.0.0):
    - Realm/Headers (= 3.0.0)
  - Realm/Headers (3.0.0)
  - RealmSwift (3.0.0):
    - Realm (= 3.0.0)
  - RxCocoa (3.1.0):
    - RxSwift (~> 3.1)
  - RxSwift (3.1.0)

DEPENDENCIES:
  - RealmSwift
  - RxCocoa (~> 3.1.0)
  - RxSwift (~> 3.1.0)

SPEC CHECKSUMS:
  Realm: dec0de73be8c57506e39db72694d513c189493b3
  RealmSwift: 44a7090b16d1b22a406c6bf129bdd602db1bbecc
  RxCocoa: 50d7564866da9299161e86a263ce12a0873904d8
  RxSwift: 83ff553e7593fdfdcb2562933a64c0284dffdadc

PODFILE CHECKSUM: a99417df685d3f8bd0a969f8fa89808a16837300

COCOAPODS: 1.2.1
